
Microsoft Visual Studio Solution File, Format Version 12.00
# Visual Studio Version 17
VisualStudioVersion = 17.5.33530.505
MinimumVisualStudioVersion = 10.0.40219.1
Project("{FAE04EC0-301F-11D3-BF4B-00C04F79EFBC}") = "Ejercicio 3", "Ejercicio 3.csproj", "{F56FE4C7-E2B8-47E4-8B22-9BCE0DD22C82}"
EndProject
Global
	GlobalSection(SolutionConfigurationPlatforms) = preSolution
		Debug|Any CPU = Debug|Any CPU
		Release|Any CPU = Release|Any CPU
	EndGlobalSection
	GlobalSection(ProjectConfigurationPlatforms) = postSolution
		{F56FE4C7-E2B8-47E4-8B22-9BCE0DD22C82}.Debug|Any CPU.ActiveCfg = Debug|Any CPU
		{F56FE4C7-E2B8-47E4-8B22-9BCE0DD22C82}.Debug|Any CPU.Build.0 = Debug|Any CPU
		{F56FE4C7-E2B8-47E4-8B22-9BCE0DD22C82}.Release|Any CPU.ActiveCfg = Release|Any CPU
		{F56FE4C7-E2B8-47E4-8B22-9BCE0DD22C82}.Release|Any CPU.Build.0 = Release|Any CPU
	EndGlobalSection
	GlobalSection(SolutionProperties) = preSolution
		HideSolutionNode = FALSE
	EndGlobalSection
	GlobalSection(ExtensibilityGlobals) = postSolution
		SolutionGuid = {4AAC9787-138F-4676-8F84-224A6979AEBA}
	EndGlobalSection
EndGlobal
